
Microsoft Visual Studio Solution File, Format Version 12.00
# Visual Studio Version 17
VisualStudioVersion = 17.14.36202.13
MinimumVisualStudioVersion = 10.0.40219.1
Project("{888888A0-9F3D-457C-B088-3A5042F75D52}") = "KIGate", "KIGate.pyproj", "{58C1333C-4350-40B4-AF1B-47D68E9B3581}"
EndProject
Global
	GlobalSection(SolutionConfigurationPlatforms) = preSolution
		Debug|Any CPU = Debug|Any CPU
		Release|Any CPU = Release|Any CPU
	EndGlobalSection
	GlobalSection(ProjectConfigurationPlatforms) = postSolution
		{58C1333C-4350-40B4-AF1B-47D68E9B3581}.Debug|Any CPU.ActiveCfg = Debug|Any CPU
		{58C1333C-4350-40B4-AF1B-47D68E9B3581}.Debug|Any CPU.Build.0 = Debug|Any CPU
		{58C1333C-4350-40B4-AF1B-47D68E9B3581}.Release|Any CPU.ActiveCfg = Release|Any CPU
		{58C1333C-4350-40B4-AF1B-47D68E9B3581}.Release|Any CPU.Build.0 = Release|Any CPU
	EndGlobalSection
	GlobalSection(SolutionProperties) = preSolution
		HideSolutionNode = FALSE
	EndGlobalSection
	GlobalSection(ExtensibilityGlobals) = postSolution
		SolutionGuid = {FE91231E-578F-4915-9841-5BE86D773B74}
	EndGlobalSection
EndGlobal
